// !$*UTF8*$!
{
	archiveVersion = 1;
	classes = {
	};
	objectVersion = 77;
	objects = {

/* Begin PBXBuildFile section */
		DEEBD72F2F371C7C00FFD0DB /* AppDelegate.swift in Sources */ = {isa = PBXBuildFile; fileRef = DEEBD72E2F371C7C00FFD0DB /* AppDelegate.swift */; };
		DEEBD7322F371C7C00FFD0DB /* Main.storyboard in Resources */ = {isa = PBXBuildFile; fileRef = DEEBD7302F371C7C00FFD0DB /* Main.storyboard */; };
		DEEBD7432F371C7C00FFD0DB /* Learn English Safari Extension.appex in Embed Foundation Extensions */ = {isa = PBXBuildFile; fileRef = DEEBD7422F371C7C00FFD0DB /* Learn English Safari Extension.appex */; settings = {ATTRIBUTES = (RemoveHeadersOnCopy, ); }; };
		DEEBD7492F371C7C00FFD0DB /* Main.html in Resources */ = {isa = PBXBuildFile; fileRef = DEEBD70D2F371C7A00FFD0DB /* Main.html */; };
		DEEBD74B2F371C7C00FFD0DB /* Icon.png in Resources */ = {isa = PBXBuildFile; fileRef = DEEBD70F2F371C7A00FFD0DB /* Icon.png */; };
		DEEBD74D2F371C7C00FFD0DB /* Style.css in Resources */ = {isa = PBXBuildFile; fileRef = DEEBD7102F371C7A00FFD0DB /* Style.css */; };
		DEEBD74F2F371C7C00FFD0DB /* Script.js in Resources */ = {isa = PBXBuildFile; fileRef = DEEBD7112F371C7A00FFD0DB /* Script.js */; };
		DEEBD7512F371C7C00FFD0DB /* ViewController.swift in Sources */ = {isa = PBXBuildFile; fileRef = DEEBD7122F371C7A00FFD0DB /* ViewController.swift */; };
		DEEBD7532F371C7C00FFD0DB /* Assets.xcassets in Resources */ = {isa = PBXBuildFile; fileRef = DEEBD7132F371C7C00FFD0DB /* Assets.xcassets */; };
		DEEBD7552F371C7C00FFD0DB /* SafariWebExtensionHandler.swift in Sources */ = {isa = PBXBuildFile; fileRef = DEEBD7152F371C7C00FFD0DB /* SafariWebExtensionHandler.swift */; };
		DEEBD7732F371C7D00FFD0DB /* popup.js in Resources */ = {isa = PBXBuildFile; fileRef = DEEBD7672F371C7D00FFD0DB /* popup.js */; };
		DEEBD7742F371C7D00FFD0DB /* runtime.js in Resources */ = {isa = PBXBuildFile; fileRef = DEEBD7682F371C7D00FFD0DB /* runtime.js */; };
		DEEBD7752F371C7D00FFD0DB /* content.css in Resources */ = {isa = PBXBuildFile; fileRef = DEEBD7692F371C7D00FFD0DB /* content.css */; };
		DEEBD7762F371C7D00FFD0DB /* background.js in Resources */ = {isa = PBXBuildFile; fileRef = DEEBD76A2F371C7D00FFD0DB /* background.js */; };
		DEEBD7772F371C7D00FFD0DB /* popup.html in Resources */ = {isa = PBXBuildFile; fileRef = DEEBD76B2F371C7D00FFD0DB /* popup.html */; };
		DEEBD7782F371C7D00FFD0DB /* options.js in Resources */ = {isa = PBXBuildFile; fileRef = DEEBD76C2F371C7D00FFD0DB /* options.js */; };
		DEEBD7792F371C7D00FFD0DB /* icons in Resources */ = {isa = PBXBuildFile; fileRef = DEEBD76D2F371C7D00FFD0DB /* icons */; };
		DEEBD77A2F371C7D00FFD0DB /* manifest.json in Resources */ = {isa = PBXBuildFile; fileRef = DEEBD76E2F371C7D00FFD0DB /* manifest.json */; };
		DEEBD77B2F371C7D00FFD0DB /* options.html in Resources */ = {isa = PBXBuildFile; fileRef = DEEBD76F2F371C7D00FFD0DB /* options.html */; };
		DEEBD77C2F371C7D00FFD0DB /* popup.css in Resources */ = {isa = PBXBuildFile; fileRef = DEEBD7702F371C7D00FFD0DB /* popup.css */; };
		DEEBD77D2F371C7D00FFD0DB /* content.js in Resources */ = {isa = PBXBuildFile; fileRef = DEEBD7712F371C7D00FFD0DB /* content.js */; };
		DEEBD77E2F371C7D00FFD0DB /* options.css in Resources */ = {isa = PBXBuildFile; fileRef = DEEBD7722F371C7D00FFD0DB /* options.css */; };
/* End PBXBuildFile section */

/* Begin PBXContainerItemProxy section */
		DEEBD7442F371C7C00FFD0DB /* PBXContainerItemProxy */ = {
			isa = PBXContainerItemProxy;
			containerPortal = DEEBD7072F371C7A00FFD0DB /* Project object */;
			proxyType = 1;
			remoteGlobalIDString = DEEBD7412F371C7C00FFD0DB;
			remoteInfo = "Learn English Safari Extension (macOS)";
		};
/* End PBXContainerItemProxy section */

/* Begin PBXCopyFilesBuildPhase section */
		DEEBD7622F371C7C00FFD0DB /* Embed Foundation Extensions */ = {
			isa = PBXCopyFilesBuildPhase;
			buildActionMask = 2147483647;
			dstPath = "";
			dstSubfolderSpec = 13;
			files = (
				DEEBD7432F371C7C00FFD0DB /* Learn English Safari Extension.appex in Embed Foundation Extensions */,
			);
			name = "Embed Foundation Extensions";
			runOnlyForDeploymentPostprocessing = 0;
		};
/* End PBXCopyFilesBuildPhase section */

/* Begin PBXFileReference section */
		DEEBD70E2F371C7A00FFD0DB /* Base */ = {isa = PBXFileReference; lastKnownFileType = text.html; name = Base; path = Base.lproj/Main.html; sourceTree = "<group>"; };
		DEEBD70F2F371C7A00FFD0DB /* Icon.png */ = {isa = PBXFileReference; lastKnownFileType = image.png; path = Icon.png; sourceTree = "<group>"; };
		DEEBD7102F371C7A00FFD0DB /* Style.css */ = {isa = PBXFileReference; lastKnownFileType = text.css; path = Style.css; sourceTree = "<group>"; };
		DEEBD7112F371C7A00FFD0DB /* Script.js */ = {isa = PBXFileReference; lastKnownFileType = sourcecode.javascript; path = Script.js; sourceTree = "<group>"; };
		DEEBD7122F371C7A00FFD0DB /* ViewController.swift */ = {isa = PBXFileReference; lastKnownFileType = sourcecode.swift; path = ViewController.swift; sourceTree = "<group>"; };
		DEEBD7132F371C7C00FFD0DB /* Assets.xcassets */ = {isa = PBXFileReference; lastKnownFileType = folder.assetcatalog; path = Assets.xcassets; sourceTree = "<group>"; };
		DEEBD7152F371C7C00FFD0DB /* SafariWebExtensionHandler.swift */ = {isa = PBXFileReference; lastKnownFileType = sourcecode.swift; path = SafariWebExtensionHandler.swift; sourceTree = "<group>"; };
		DEEBD71D2F371C7C00FFD0DB /* AppDelegate.swift */ = {isa = PBXFileReference; lastKnownFileType = sourcecode.swift; path = AppDelegate.swift; sourceTree = "<group>"; };
		DEEBD71F2F371C7C00FFD0DB /* SceneDelegate.swift */ = {isa = PBXFileReference; lastKnownFileType = sourcecode.swift; path = SceneDelegate.swift; sourceTree = "<group>"; };
		DEEBD7222F371C7C00FFD0DB /* Base */ = {isa = PBXFileReference; lastKnownFileType = file.storyboard; name = Base; path = Base.lproj/LaunchScreen.storyboard; sourceTree = "<group>"; };
		DEEBD7252F371C7C00FFD0DB /* Base */ = {isa = PBXFileReference; lastKnownFileType = file.storyboard; name = Base; path = Base.lproj/Main.storyboard; sourceTree = "<group>"; };
		DEEBD7272F371C7C00FFD0DB /* Info.plist */ = {isa = PBXFileReference; lastKnownFileType = text.plist.xml; path = Info.plist; sourceTree = "<group>"; };
		DEEBD72C2F371C7C00FFD0DB /* Learn English Safari.app */ = {isa = PBXFileReference; explicitFileType = wrapper.application; includeInIndex = 0; path = "Learn English Safari.app"; sourceTree = BUILT_PRODUCTS_DIR; };
		DEEBD72E2F371C7C00FFD0DB /* AppDelegate.swift */ = {isa = PBXFileReference; lastKnownFileType = sourcecode.swift; path = AppDelegate.swift; sourceTree = "<group>"; };
		DEEBD7312F371C7C00FFD0DB /* Base */ = {isa = PBXFileReference; lastKnownFileType = file.storyboard; name = Base; path = Base.lproj/Main.storyboard; sourceTree = "<group>"; };
		DEEBD7332F371C7C00FFD0DB /* Info.plist */ = {isa = PBXFileReference; lastKnownFileType = text.plist.xml; path = Info.plist; sourceTree = "<group>"; };
		DEEBD73D2F371C7C00FFD0DB /* Info.plist */ = {isa = PBXFileReference; lastKnownFileType = text.plist.xml; path = Info.plist; sourceTree = "<group>"; };
		DEEBD7422F371C7C00FFD0DB /* Learn English Safari Extension.appex */ = {isa = PBXFileReference; explicitFileType = "wrapper.app-extension"; includeInIndex = 0; path = "Learn English Safari Extension.appex"; sourceTree = BUILT_PRODUCTS_DIR; };
		DEEBD7472F371C7C00FFD0DB /* Info.plist */ = {isa = PBXFileReference; lastKnownFileType = text.plist.xml; path = Info.plist; sourceTree = "<group>"; };
		DEEBD7672F371C7D00FFD0DB /* popup.js */ = {isa = PBXFileReference; lastKnownFileType = sourcecode.javascript; name = popup.js; path = ../../../extension/popup.js; sourceTree = "<group>"; };
		DEEBD7682F371C7D00FFD0DB /* runtime.js */ = {isa = PBXFileReference; lastKnownFileType = sourcecode.javascript; name = runtime.js; path = ../../../extension/runtime.js; sourceTree = "<group>"; };
		DEEBD7692F371C7D00FFD0DB /* content.css */ = {isa = PBXFileReference; lastKnownFileType = text.css; name = content.css; path = ../../../extension/content.css; sourceTree = "<group>"; };
		DEEBD76A2F371C7D00FFD0DB /* background.js */ = {isa = PBXFileReference; lastKnownFileType = sourcecode.javascript; name = background.js; path = ../../../extension/background.js; sourceTree = "<group>"; };
		DEEBD76B2F371C7D00FFD0DB /* popup.html */ = {isa = PBXFileReference; lastKnownFileType = text.html; name = popup.html; path = ../../../extension/popup.html; sourceTree = "<group>"; };
		DEEBD76C2F371C7D00FFD0DB /* options.js */ = {isa = PBXFileReference; lastKnownFileType = sourcecode.javascript; name = options.js; path = ../../../extension/options.js; sourceTree = "<group>"; };
		DEEBD76D2F371C7D00FFD0DB /* icons */ = {isa = PBXFileReference; lastKnownFileType = folder; name = icons; path = ../../../extension/icons; sourceTree = "<group>"; };
		DEEBD76E2F371C7D00FFD0DB /* manifest.json */ = {isa = PBXFileReference; lastKnownFileType = text.json; name = manifest.json; path = ../../../extension/manifest.json; sourceTree = "<group>"; };
		DEEBD76F2F371C7D00FFD0DB /* options.html */ = {isa = PBXFileReference; lastKnownFileType = text.html; name = options.html; path = ../../../extension/options.html; sourceTree = "<group>"; };
		DEEBD7702F371C7D00FFD0DB /* popup.css */ = {isa = PBXFileReference; lastKnownFileType = text.css; name = popup.css; path = ../../../extension/popup.css; sourceTree = "<group>"; };
		DEEBD7712F371C7D00FFD0DB /* content.js */ = {isa = PBXFileReference; lastKnownFileType = sourcecode.javascript; name = content.js; path = ../../../extension/content.js; sourceTree = "<group>"; };
		DEEBD7722F371C7D00FFD0DB /* options.css */ = {isa = PBXFileReference; lastKnownFileType = text.css; name = options.css; path = ../../../extension/options.css; sourceTree = "<group>"; };
/* End PBXFileReference section */

/* Begin PBXFrameworksBuildPhase section */
		DEEBD7292F371C7C00FFD0DB /* Frameworks */ = {
			isa = PBXFrameworksBuildPhase;
			buildActionMask = 2147483647;
			files = (
			);
			runOnlyForDeploymentPostprocessing = 0;
		};
		DEEBD73F2F371C7C00FFD0DB /* Frameworks */ = {
			isa = PBXFrameworksBuildPhase;
			buildActionMask = 2147483647;
			files = (
			);
			runOnlyForDeploymentPostprocessing = 0;
		};
/* End PBXFrameworksBuildPhase section */

/* Begin PBXGroup section */
		DEEBD7062F371C7A00FFD0DB = {
			isa = PBXGroup;
			children = (
				DEEBD70B2F371C7A00FFD0DB /* Shared (App) */,
				DEEBD7142F371C7C00FFD0DB /* Shared (Extension) */,
				DEEBD71C2F371C7C00FFD0DB /* iOS (App) */,
				DEEBD72D2F371C7C00FFD0DB /* macOS (App) */,
				DEEBD73C2F371C7C00FFD0DB /* iOS (Extension) */,
				DEEBD7462F371C7C00FFD0DB /* macOS (Extension) */,
				DEEBD71B2F371C7C00FFD0DB /* Products */,
			);
			sourceTree = "<group>";
		};
		DEEBD70B2F371C7A00FFD0DB /* Shared (App) */ = {
			isa = PBXGroup;
			children = (
				DEEBD7122F371C7A00FFD0DB /* ViewController.swift */,
				DEEBD7132F371C7C00FFD0DB /* Assets.xcassets */,
				DEEBD70C2F371C7A00FFD0DB /* Resources */,
			);
			path = "Shared (App)";
			sourceTree = "<group>";
		};
		DEEBD70C2F371C7A00FFD0DB /* Resources */ = {
			isa = PBXGroup;
			children = (
				DEEBD70D2F371C7A00FFD0DB /* Main.html */,
				DEEBD70F2F371C7A00FFD0DB /* Icon.png */,
				DEEBD7102F371C7A00FFD0DB /* Style.css */,
				DEEBD7112F371C7A00FFD0DB /* Script.js */,
			);
			path = Resources;
			sourceTree = "<group>";
		};
		DEEBD7142F371C7C00FFD0DB /* Shared (Extension) */ = {
			isa = PBXGroup;
			children = (
				DEEBD7662F371C7D00FFD0DB /* Resources */,
				DEEBD7152F371C7C00FFD0DB /* SafariWebExtensionHandler.swift */,
			);
			path = "Shared (Extension)";
			sourceTree = "<group>";
		};
		DEEBD71B2F371C7C00FFD0DB /* Products */ = {
			isa = PBXGroup;
			children = (
				DEEBD72C2F371C7C00FFD0DB /* Learn English Safari.app */,
				DEEBD7422F371C7C00FFD0DB /* Learn English Safari Extension.appex */,
			);
			name = Products;
			sourceTree = "<group>";
		};
		DEEBD71C2F371C7C00FFD0DB /* iOS (App) */ = {
			isa = PBXGroup;
			children = (
				DEEBD71D2F371C7C00FFD0DB /* AppDelegate.swift */,
				DEEBD71F2F371C7C00FFD0DB /* SceneDelegate.swift */,
				DEEBD7212F371C7C00FFD0DB /* LaunchScreen.storyboard */,
				DEEBD7242F371C7C00FFD0DB /* Main.storyboard */,
				DEEBD7272F371C7C00FFD0DB /* Info.plist */,
			);
			path = "iOS (App)";
			sourceTree = "<group>";
		};
		DEEBD72D2F371C7C00FFD0DB /* macOS (App) */ = {
			isa = PBXGroup;
			children = (
				DEEBD72E2F371C7C00FFD0DB /* AppDelegate.swift */,
				DEEBD7302F371C7C00FFD0DB /* Main.storyboard */,
				DEEBD7332F371C7C00FFD0DB /* Info.plist */,
			);
			path = "macOS (App)";
			sourceTree = "<group>";
		};
		DEEBD73C2F371C7C00FFD0DB /* iOS (Extension) */ = {
			isa = PBXGroup;
			children = (
				DEEBD73D2F371C7C00FFD0DB /* Info.plist */,
			);
			path = "iOS (Extension)";
			sourceTree = "<group>";
		};
		DEEBD7462F371C7C00FFD0DB /* macOS (Extension) */ = {
			isa = PBXGroup;
			children = (
				DEEBD7472F371C7C00FFD0DB /* Info.plist */,
			);
			path = "macOS (Extension)";
			sourceTree = "<group>";
		};
		DEEBD7662F371C7D00FFD0DB /* Resources */ = {
			isa = PBXGroup;
			children = (
				DEEBD7672F371C7D00FFD0DB /* popup.js */,
				DEEBD7682F371C7D00FFD0DB /* runtime.js */,
				DEEBD7692F371C7D00FFD0DB /* content.css */,
				DEEBD76A2F371C7D00FFD0DB /* background.js */,
				DEEBD76B2F371C7D00FFD0DB /* popup.html */,
				DEEBD76C2F371C7D00FFD0DB /* options.js */,
				DEEBD76D2F371C7D00FFD0DB /* icons */,
				DEEBD76E2F371C7D00FFD0DB /* manifest.json */,
				DEEBD76F2F371C7D00FFD0DB /* options.html */,
				DEEBD7702F371C7D00FFD0DB /* popup.css */,
				DEEBD7712F371C7D00FFD0DB /* content.js */,
				DEEBD7722F371C7D00FFD0DB /* options.css */,
			);
			name = Resources;
			path = "Shared (Extension)";
			sourceTree = SOURCE_ROOT;
		};
/* End PBXGroup section */

/* Begin PBXNativeTarget section */
		DEEBD72B2F371C7C00FFD0DB /* Learn English Safari (macOS) */ = {
			isa = PBXNativeTarget;
			buildConfigurationList = DEEBD7632F371C7C00FFD0DB /* Build configuration list for PBXNativeTarget "Learn English Safari (macOS)" */;
			buildPhases = (
				DEEBD7282F371C7C00FFD0DB /* Sources */,
				DEEBD7292F371C7C00FFD0DB /* Frameworks */,
				DEEBD72A2F371C7C00FFD0DB /* Resources */,
				DEEBD7622F371C7C00FFD0DB /* Embed Foundation Extensions */,
			);
			buildRules = (
			);
			dependencies = (
				DEEBD7452F371C7C00FFD0DB /* PBXTargetDependency */,
			);
			name = "Learn English Safari (macOS)";
			packageProductDependencies = (
			);
			productName = "Learn English Safari (macOS)";
			productReference = DEEBD72C2F371C7C00FFD0DB /* Learn English Safari.app */;
			productType = "com.apple.product-type.application";
		};
		DEEBD7412F371C7C00FFD0DB /* Learn English Safari Extension (macOS) */ = {
			isa = PBXNativeTarget;
			buildConfigurationList = DEEBD75F2F371C7C00FFD0DB /* Build configuration list for PBXNativeTarget "Learn English Safari Extension (macOS)" */;
			buildPhases = (
				DEEBD73E2F371C7C00FFD0DB /* Sources */,
				DEEBD73F2F371C7C00FFD0DB /* Frameworks */,
				DEEBD7402F371C7C00FFD0DB /* Resources */,
			);
			buildRules = (
			);
			dependencies = (
			);
			name = "Learn English Safari Extension (macOS)";
			packageProductDependencies = (
			);
			productName = "Learn English Safari Extension (macOS)";
			productReference = DEEBD7422F371C7C00FFD0DB /* Learn English Safari Extension.appex */;
			productType = "com.apple.product-type.app-extension";
		};
/* End PBXNativeTarget section */

/* Begin PBXProject section */
		DEEBD7072F371C7A00FFD0DB /* Project object */ = {
			isa = PBXProject;
			attributes = {
				BuildIndependentTargetsInParallel = 1;
				LastSwiftUpdateCheck = 2620;
				LastUpgradeCheck = 2620;
				TargetAttributes = {
					DEEBD72B2F371C7C00FFD0DB = {
						CreatedOnToolsVersion = 26.2;
					};
					DEEBD7412F371C7C00FFD0DB = {
						CreatedOnToolsVersion = 26.2;
					};
				};
			};
			buildConfigurationList = DEEBD70A2F371C7A00FFD0DB /* Build configuration list for PBXProject "Learn English Safari" */;
			developmentRegion = en;
			hasScannedForEncodings = 0;
			knownRegions = (
				en,
				Base,
			);
			mainGroup = DEEBD7062F371C7A00FFD0DB;
			minimizedProjectReferenceProxies = 1;
			preferredProjectObjectVersion = 77;
			productRefGroup = DEEBD71B2F371C7C00FFD0DB /* Products */;
			projectDirPath = "";
			projectRoot = "";
			targets = (
				DEEBD72B2F371C7C00FFD0DB /* Learn English Safari (macOS) */,
				DEEBD7412F371C7C00FFD0DB /* Learn English Safari Extension (macOS) */,
			);
		};
/* End PBXProject section */

/* Begin PBXResourcesBuildPhase section */
		DEEBD72A2F371C7C00FFD0DB /* Resources */ = {
			isa = PBXResourcesBuildPhase;
			buildActionMask = 2147483647;
			files = (
				DEEBD74B2F371C7C00FFD0DB /* Icon.png in Resources */,
				DEEBD74D2F371C7C00FFD0DB /* Style.css in Resources */,
				DEEBD7322F371C7C00FFD0DB /* Main.storyboard in Resources */,
				DEEBD74F2F371C7C00FFD0DB /* Script.js in Resources */,
				DEEBD7532F371C7C00FFD0DB /* Assets.xcassets in Resources */,
				DEEBD7492F371C7C00FFD0DB /* Main.html in Resources */,
			);
			runOnlyForDeploymentPostprocessing = 0;
		};
		DEEBD7402F371C7C00FFD0DB /* Resources */ = {
			isa = PBXResourcesBuildPhase;
			buildActionMask = 2147483647;
			files = (
				DEEBD77C2F371C7D00FFD0DB /* popup.css in Resources */,
				DEEBD77D2F371C7D00FFD0DB /* content.js in Resources */,
				DEEBD77E2F371C7D00FFD0DB /* options.css in Resources */,
				DEEBD7762F371C7D00FFD0DB /* background.js in Resources */,
				DEEBD7782F371C7D00FFD0DB /* options.js in Resources */,
				DEEBD7772F371C7D00FFD0DB /* popup.html in Resources */,
				DEEBD7752F371C7D00FFD0DB /* content.css in Resources */,
				DEEBD77A2F371C7D00FFD0DB /* manifest.json in Resources */,
				DEEBD7732F371C7D00FFD0DB /* popup.js in Resources */,
				DEEBD7792F371C7D00FFD0DB /* icons in Resources */,
				DEEBD7742F371C7D00FFD0DB /* runtime.js in Resources */,
				DEEBD77B2F371C7D00FFD0DB /* options.html in Resources */,
			);
			runOnlyForDeploymentPostprocessing = 0;
		};
/* End PBXResourcesBuildPhase section */

/* Begin PBXSourcesBuildPhase section */
		DEEBD7282F371C7C00FFD0DB /* Sources */ = {
			isa = PBXSourcesBuildPhase;
			buildActionMask = 2147483647;
			files = (
				DEEBD7512F371C7C00FFD0DB /* ViewController.swift in Sources */,
				DEEBD72F2F371C7C00FFD0DB /* AppDelegate.swift in Sources */,
			);
			runOnlyForDeploymentPostprocessing = 0;
		};
		DEEBD73E2F371C7C00FFD0DB /* Sources */ = {
			isa = PBXSourcesBuildPhase;
			buildActionMask = 2147483647;
			files = (
				DEEBD7552F371C7C00FFD0DB /* SafariWebExtensionHandler.swift in Sources */,
			);
			runOnlyForDeploymentPostprocessing = 0;
		};
/* End PBXSourcesBuildPhase section */

/* Begin PBXTargetDependency section */
		DEEBD7452F371C7C00FFD0DB /* PBXTargetDependency */ = {
			isa = PBXTargetDependency;
			target = DEEBD7412F371C7C00FFD0DB /* Learn English Safari Extension (macOS) */;
			targetProxy = DEEBD7442F371C7C00FFD0DB /* PBXContainerItemProxy */;
		};
/* End PBXTargetDependency section */

/* Begin PBXVariantGroup section */
		DEEBD70D2F371C7A00FFD0DB /* Main.html */ = {
			isa = PBXVariantGroup;
			children = (
				DEEBD70E2F371C7A00FFD0DB /* Base */,
			);
			name = Main.html;
			sourceTree = "<group>";
		};
		DEEBD7212F371C7C00FFD0DB /* LaunchScreen.storyboard */ = {
			isa = PBXVariantGroup;
			children = (
				DEEBD7222F371C7C00FFD0DB /* Base */,
			);
			name = LaunchScreen.storyboard;
			sourceTree = "<group>";
		};
		DEEBD7242F371C7C00FFD0DB /* Main.storyboard */ = {
			isa = PBXVariantGroup;
			children = (
				DEEBD7252F371C7C00FFD0DB /* Base */,
			);
			name = Main.storyboard;
			sourceTree = "<group>";
		};
		DEEBD7302F371C7C00FFD0DB /* Main.storyboard */ = {
			isa = PBXVariantGroup;
			children = (
				DEEBD7312F371C7C00FFD0DB /* Base */,
			);
			name = Main.storyboard;
			sourceTree = "<group>";
		};
/* End PBXVariantGroup section */

/* Begin XCBuildConfiguration section */
		DEEBD7562F371C7C00FFD0DB /* Debug */ = {
			isa = XCBuildConfiguration;
			buildSettings = {
				ALWAYS_SEARCH_USER_PATHS = NO;
				ASSETCATALOG_COMPILER_GENERATE_SWIFT_ASSET_SYMBOL_EXTENSIONS = YES;
				CLANG_ANALYZER_NONNULL = YES;
				CLANG_ANALYZER_NUMBER_OBJECT_CONVERSION = YES_AGGRESSIVE;
				CLANG_CXX_LANGUAGE_STANDARD = "gnu++20";
				CLANG_ENABLE_MODULES = YES;
				CLANG_ENABLE_OBJC_ARC = YES;
				CLANG_ENABLE_OBJC_WEAK = YES;
				CLANG_WARN_BLOCK_CAPTURE_AUTORELEASING = YES;
				CLANG_WARN_BOOL_CONVERSION = YES;
				CLANG_WARN_COMMA = YES;
				CLANG_WARN_CONSTANT_CONVERSION = YES;
				CLANG_WARN_DEPRECATED_OBJC_IMPLEMENTATIONS = YES;
				CLANG_WARN_DIRECT_OBJC_ISA_USAGE = YES_ERROR;
				CLANG_WARN_DOCUMENTATION_COMMENTS = YES;
				CLANG_WARN_EMPTY_BODY = YES;
				CLANG_WARN_ENUM_CONVERSION = YES;
				CLANG_WARN_INFINITE_RECURSION = YES;
				CLANG_WARN_INT_CONVERSION = YES;
				CLANG_WARN_NON_LITERAL_NULL_CONVERSION = YES;
				CLANG_WARN_OBJC_IMPLICIT_RETAIN_SELF = YES;
				CLANG_WARN_OBJC_LITERAL_CONVERSION = YES;
				CLANG_WARN_OBJC_ROOT_CLASS = YES_ERROR;
				CLANG_WARN_QUOTED_INCLUDE_IN_FRAMEWORK_HEADER = YES;
				CLANG_WARN_RANGE_LOOP_ANALYSIS = YES;
				CLANG_WARN_STRICT_PROTOTYPES = YES;
				CLANG_WARN_SUSPICIOUS_MOVE = YES;
				CLANG_WARN_UNGUARDED_AVAILABILITY = YES_AGGRESSIVE;
				CLANG_WARN_UNREACHABLE_CODE = YES;
				CLANG_WARN__DUPLICATE_METHOD_MATCH = YES;
				COPY_PHASE_STRIP = NO;
				DEBUG_INFORMATION_FORMAT = dwarf;
				ENABLE_STRICT_OBJC_MSGSEND = YES;
				ENABLE_TESTABILITY = YES;
				ENABLE_USER_SCRIPT_SANDBOXING = YES;
				GCC_C_LANGUAGE_STANDARD = gnu17;
				GCC_DYNAMIC_NO_PIC = NO;
				GCC_NO_COMMON_BLOCKS = YES;
				GCC_OPTIMIZATION_LEVEL = 0;
				GCC_PREPROCESSOR_DEFINITIONS = (
					"DEBUG=1",
					"$(inherited)",
				);
				GCC_WARN_64_TO_32_BIT_CONVERSION = YES;
				GCC_WARN_ABOUT_RETURN_TYPE = YES_ERROR;
				GCC_WARN_UNDECLARED_SELECTOR = YES;
				GCC_WARN_UNINITIALIZED_AUTOS = YES_AGGRESSIVE;
				GCC_WARN_UNUSED_FUNCTION = YES;
				GCC_WARN_UNUSED_VARIABLE = YES;
				LOCALIZATION_PREFERS_STRING_CATALOGS = YES;
				MTL_ENABLE_DEBUG_INFO = INCLUDE_SOURCE;
				MTL_FAST_MATH = YES;
				ONLY_ACTIVE_ARCH = YES;
				SWIFT_ACTIVE_COMPILATION_CONDITIONS = "DEBUG $(inherited)";
				SWIFT_OPTIMIZATION_LEVEL = "-Onone";
			};
			name = Debug;
		};
		DEEBD7572F371C7C00FFD0DB /* Release */ = {
			isa = XCBuildConfiguration;
			buildSettings = {
				ALWAYS_SEARCH_USER_PATHS = NO;
				ASSETCATALOG_COMPILER_GENERATE_SWIFT_ASSET_SYMBOL_EXTENSIONS = YES;
				CLANG_ANALYZER_NONNULL = YES;
				CLANG_ANALYZER_NUMBER_OBJECT_CONVERSION = YES_AGGRESSIVE;
				CLANG_CXX_LANGUAGE_STANDARD = "gnu++20";
				CLANG_ENABLE_MODULES = YES;
				CLANG_ENABLE_OBJC_ARC = YES;
				CLANG_ENABLE_OBJC_WEAK = YES;
				CLANG_WARN_BLOCK_CAPTURE_AUTORELEASING = YES;
				CLANG_WARN_BOOL_CONVERSION = YES;
				CLANG_WARN_COMMA = YES;
				CLANG_WARN_CONSTANT_CONVERSION = YES;
				CLANG_WARN_DEPRECATED_OBJC_IMPLEMENTATIONS = YES;
				CLANG_WARN_DIRECT_OBJC_ISA_USAGE = YES_ERROR;
				CLANG_WARN_DOCUMENTATION_COMMENTS = YES;
				CLANG_WARN_EMPTY_BODY = YES;
				CLANG_WARN_ENUM_CONVERSION = YES;
				CLANG_WARN_INFINITE_RECURSION = YES;
				CLANG_WARN_INT_CONVERSION = YES;
				CLANG_WARN_NON_LITERAL_NULL_CONVERSION = YES;
				CLANG_WARN_OBJC_IMPLICIT_RETAIN_SELF = YES;
				CLANG_WARN_OBJC_LITERAL_CONVERSION = YES;
				CLANG_WARN_OBJC_ROOT_CLASS = YES_ERROR;
				CLANG_WARN_QUOTED_INCLUDE_IN_FRAMEWORK_HEADER = YES;
				CLANG_WARN_RANGE_LOOP_ANALYSIS = YES;
				CLANG_WARN_STRICT_PROTOTYPES = YES;
				CLANG_WARN_SUSPICIOUS_MOVE = YES;
				CLANG_WARN_UNGUARDED_AVAILABILITY = YES_AGGRESSIVE;
				CLANG_WARN_UNREACHABLE_CODE = YES;
				CLANG_WARN__DUPLICATE_METHOD_MATCH = YES;
				COPY_PHASE_STRIP = NO;
				DEBUG_INFORMATION_FORMAT = "dwarf-with-dsym";
				ENABLE_NS_ASSERTIONS = NO;
				ENABLE_STRICT_OBJC_MSGSEND = YES;
				ENABLE_USER_SCRIPT_SANDBOXING = YES;
				GCC_C_LANGUAGE_STANDARD = gnu17;
				GCC_NO_COMMON_BLOCKS = YES;
				GCC_WARN_64_TO_32_BIT_CONVERSION = YES;
				GCC_WARN_ABOUT_RETURN_TYPE = YES_ERROR;
				GCC_WARN_UNDECLARED_SELECTOR = YES;
				GCC_WARN_UNINITIALIZED_AUTOS = YES_AGGRESSIVE;
				GCC_WARN_UNUSED_FUNCTION = YES;
				GCC_WARN_UNUSED_VARIABLE = YES;
				LOCALIZATION_PREFERS_STRING_CATALOGS = YES;
				MTL_ENABLE_DEBUG_INFO = NO;
				MTL_FAST_MATH = YES;
				SWIFT_COMPILATION_MODE = wholemodule;
			};
			name = Release;
		};
		DEEBD7602F371C7C00FFD0DB /* Debug */ = {
			isa = XCBuildConfiguration;
			buildSettings = {
				CODE_SIGN_STYLE = Automatic;
				CURRENT_PROJECT_VERSION = 1;
				DEVELOPMENT_TEAM = 9R6358Z2RH;
				ENABLE_APP_SANDBOX = YES;
				ENABLE_HARDENED_RUNTIME = YES;
				ENABLE_USER_SELECTED_FILES = readonly;
				GENERATE_INFOPLIST_FILE = YES;
				INFOPLIST_FILE = "macOS (Extension)/Info.plist";
				INFOPLIST_KEY_CFBundleDisplayName = "Learn English Safari Extension";
				INFOPLIST_KEY_NSHumanReadableCopyright = "";
				LD_RUNPATH_SEARCH_PATHS = (
					"$(inherited)",
					"@executable_path/../Frameworks",
					"@executable_path/../../../../Frameworks",
				);
				MACOSX_DEPLOYMENT_TARGET = 15.6;
				MARKETING_VERSION = 1.0;
				OTHER_LDFLAGS = (
					"-framework",
					SafariServices,
				);
				PRODUCT_BUNDLE_IDENTIFIER = com.goodmotorvn.learnenglish.safari.Extension;
				PRODUCT_NAME = "Learn English Safari Extension";
				SDKROOT = macosx;
				SKIP_INSTALL = YES;
				STRING_CATALOG_GENERATE_SYMBOLS = YES;
				SWIFT_APPROACHABLE_CONCURRENCY = YES;
				SWIFT_EMIT_LOC_STRINGS = YES;
				SWIFT_UPCOMING_FEATURE_MEMBER_IMPORT_VISIBILITY = YES;
				SWIFT_VERSION = 5.0;
			};
			name = Debug;
		};
		DEEBD7612F371C7C00FFD0DB /* Release */ = {
			isa = XCBuildConfiguration;
			buildSettings = {
				CODE_SIGN_STYLE = Automatic;
				CURRENT_PROJECT_VERSION = 1;
				DEVELOPMENT_TEAM = 9R6358Z2RH;
				ENABLE_APP_SANDBOX = YES;
				ENABLE_HARDENED_RUNTIME = YES;
				ENABLE_USER_SELECTED_FILES = readonly;
				GENERATE_INFOPLIST_FILE = YES;
				INFOPLIST_FILE = "macOS (Extension)/Info.plist";
				INFOPLIST_KEY_CFBundleDisplayName = "Learn English Safari Extension";
				INFOPLIST_KEY_NSHumanReadableCopyright = "";
				LD_RUNPATH_SEARCH_PATHS = (
					"$(inherited)",
					"@executable_path/../Frameworks",
					"@executable_path/../../../../Frameworks",
				);
				MACOSX_DEPLOYMENT_TARGET = 15.6;
				MARKETING_VERSION = 1.0;
				OTHER_LDFLAGS = (
					"-framework",
					SafariServices,
				);
				PRODUCT_BUNDLE_IDENTIFIER = com.goodmotorvn.learnenglish.safari.Extension;
				PRODUCT_NAME = "Learn English Safari Extension";
				SDKROOT = macosx;
				SKIP_INSTALL = YES;
				STRING_CATALOG_GENERATE_SYMBOLS = YES;
				SWIFT_APPROACHABLE_CONCURRENCY = YES;
				SWIFT_EMIT_LOC_STRINGS = YES;
				SWIFT_UPCOMING_FEATURE_MEMBER_IMPORT_VISIBILITY = YES;
				SWIFT_VERSION = 5.0;
			};
			name = Release;
		};
		DEEBD7642F371C7C00FFD0DB /* Debug */ = {
			isa = XCBuildConfiguration;
			buildSettings = {
				ASSETCATALOG_COMPILER_APPICON_NAME = AppIcon;
				ASSETCATALOG_COMPILER_GLOBAL_ACCENT_COLOR_NAME = AccentColor;
				CODE_SIGN_STYLE = Automatic;
				CURRENT_PROJECT_VERSION = 1;
				DEVELOPMENT_TEAM = 9R6358Z2RH;
				ENABLE_APP_SANDBOX = YES;
				ENABLE_HARDENED_RUNTIME = YES;
				ENABLE_OUTGOING_NETWORK_CONNECTIONS = YES;
				ENABLE_USER_SELECTED_FILES = readonly;
				GENERATE_INFOPLIST_FILE = YES;
				INFOPLIST_FILE = "macOS (App)/Info.plist";
				INFOPLIST_KEY_CFBundleDisplayName = "Learn English Safari";
				INFOPLIST_KEY_NSMainStoryboardFile = Main;
				INFOPLIST_KEY_NSPrincipalClass = NSApplication;
				LD_RUNPATH_SEARCH_PATHS = (
					"$(inherited)",
					"@executable_path/../Frameworks",
				);
				MACOSX_DEPLOYMENT_TARGET = 15.6;
				MARKETING_VERSION = 1.0;
				OTHER_LDFLAGS = (
					"-framework",
					SafariServices,
					"-framework",
					WebKit,
				);
				PRODUCT_BUNDLE_IDENTIFIER = com.goodmotorvn.learnenglish.safari;
				PRODUCT_NAME = "Learn English Safari";
				REGISTER_APP_GROUPS = YES;
				SDKROOT = macosx;
				STRING_CATALOG_GENERATE_SYMBOLS = YES;
				SWIFT_APPROACHABLE_CONCURRENCY = YES;
				SWIFT_DEFAULT_ACTOR_ISOLATION = MainActor;
				SWIFT_EMIT_LOC_STRINGS = YES;
				SWIFT_UPCOMING_FEATURE_MEMBER_IMPORT_VISIBILITY = YES;
				SWIFT_VERSION = 5.0;
			};
			name = Debug;
		};
		DEEBD7652F371C7C00FFD0DB /* Release */ = {
			isa = XCBuildConfiguration;
			buildSettings = {
				ASSETCATALOG_COMPILER_APPICON_NAME = AppIcon;
				ASSETCATALOG_COMPILER_GLOBAL_ACCENT_COLOR_NAME = AccentColor;
				CODE_SIGN_STYLE = Automatic;
				CURRENT_PROJECT_VERSION = 1;
				DEVELOPMENT_TEAM = 9R6358Z2RH;
				ENABLE_APP_SANDBOX = YES;
				ENABLE_HARDENED_RUNTIME = YES;
				ENABLE_OUTGOING_NETWORK_CONNECTIONS = YES;
				ENABLE_USER_SELECTED_FILES = readonly;
				GENERATE_INFOPLIST_FILE = YES;
				INFOPLIST_FILE = "macOS (App)/Info.plist";
				INFOPLIST_KEY_CFBundleDisplayName = "Learn English Safari";
				INFOPLIST_KEY_NSMainStoryboardFile = Main;
				INFOPLIST_KEY_NSPrincipalClass = NSApplication;
				LD_RUNPATH_SEARCH_PATHS = (
					"$(inherited)",
					"@executable_path/../Frameworks",
				);
				MACOSX_DEPLOYMENT_TARGET = 15.6;
				MARKETING_VERSION = 1.0;
				OTHER_LDFLAGS = (
					"-framework",
					SafariServices,
					"-framework",
					WebKit,
				);
				PRODUCT_BUNDLE_IDENTIFIER = com.goodmotorvn.learnenglish.safari;
				PRODUCT_NAME = "Learn English Safari";
				REGISTER_APP_GROUPS = YES;
				SDKROOT = macosx;
				STRING_CATALOG_GENERATE_SYMBOLS = YES;
				SWIFT_APPROACHABLE_CONCURRENCY = YES;
				SWIFT_DEFAULT_ACTOR_ISOLATION = MainActor;
				SWIFT_EMIT_LOC_STRINGS = YES;
				SWIFT_UPCOMING_FEATURE_MEMBER_IMPORT_VISIBILITY = YES;
				SWIFT_VERSION = 5.0;
			};
			name = Release;
		};
/* End XCBuildConfiguration section */

/* Begin XCConfigurationList section */
		DEEBD70A2F371C7A00FFD0DB /* Build configuration list for PBXProject "Learn English Safari" */ = {
			isa = XCConfigurationList;
			buildConfigurations = (
				DEEBD7562F371C7C00FFD0DB /* Debug */,
				DEEBD7572F371C7C00FFD0DB /* Release */,
			);
			defaultConfigurationIsVisible = 0;
			defaultConfigurationName = Release;
		};
		DEEBD75F2F371C7C00FFD0DB /* Build configuration list for PBXNativeTarget "Learn English Safari Extension (macOS)" */ = {
			isa = XCConfigurationList;
			buildConfigurations = (
				DEEBD7602F371C7C00FFD0DB /* Debug */,
				DEEBD7612F371C7C00FFD0DB /* Release */,
			);
			defaultConfigurationIsVisible = 0;
			defaultConfigurationName = Release;
		};
		DEEBD7632F371C7C00FFD0DB /* Build configuration list for PBXNativeTarget "Learn English Safari (macOS)" */ = {
			isa = XCConfigurationList;
			buildConfigurations = (
				DEEBD7642F371C7C00FFD0DB /* Debug */,
				DEEBD7652F371C7C00FFD0DB /* Release */,
			);
			defaultConfigurationIsVisible = 0;
			defaultConfigurationName = Release;
		};
/* End XCConfigurationList section */
	};
	rootObject = DEEBD7072F371C7A00FFD0DB /* Project object */;
}
